
Microsoft Visual Studio Solution File, Format Version 12.00
# Visual Studio Version 16
VisualStudioVersion = 16.0.29215.179
MinimumVisualStudioVersion = 10.0.40219.1
Project("{FAE04EC0-301F-11D3-BF4B-00C04F79EFBC}") = "ClassLibrary1", "ClassLibrary1\ClassLibrary1.csproj", "{A83694A2-C58A-4608-AC3E-A51075629D79}"
EndProject
Global
	GlobalSection(SolutionConfigurationPlatforms) = preSolution
		Debug|Any CPU = Debug|Any CPU
		Release|Any CPU = Release|Any CPU
	EndGlobalSection
	GlobalSection(ProjectConfigurationPlatforms) = postSolution
		{A83694A2-C58A-4608-AC3E-A51075629D79}.Debug|Any CPU.ActiveCfg = Debug|Any CPU
		{A83694A2-C58A-4608-AC3E-A51075629D79}.Debug|Any CPU.Build.0 = Debug|Any CPU
		{A83694A2-C58A-4608-AC3E-A51075629D79}.Release|Any CPU.ActiveCfg = Release|Any CPU
		{A83694A2-C58A-4608-AC3E-A51075629D79}.Release|Any CPU.Build.0 = Release|Any CPU
	EndGlobalSection
	GlobalSection(SolutionProperties) = preSolution
		HideSolutionNode = FALSE
	EndGlobalSection
	GlobalSection(ExtensibilityGlobals) = postSolution
		SolutionGuid = {BB10C7B5-F4F9-472A-A59E-1DF78FB2F7CE}
	EndGlobalSection
EndGlobal
